
Microsoft Visual Studio Solution File, Format Version 12.00
# Visual Studio Version 16
VisualStudioVersion = 16.0.28917.181
MinimumVisualStudioVersion = 15.0.26124.0
Project("{2150E333-8FDC-42A3-9474-1A3956D46DE8}") = "src", "src", "{5CC55D4E-8F71-42C8-A173-F16483CE874F}"
EndProject
Project("{9A19103F-16F7-4668-BE54-9A1E7A4F7556}") = "IdentityServer", "src\IdentityServer\IdentityServer.csproj", "{EF60C0B6-A976-4D8D-AA47-55BD25C6E2E0}"
EndProject
Project("{9A19103F-16F7-4668-BE54-9A1E7A4F7556}") = "Api", "src\Api\Api.csproj", "{07DB4185-86AB-4A74-A653-F32008B5B1FC}"
EndProject
Project("{9A19103F-16F7-4668-BE54-9A1E7A4F7556}") = "Client", "src\Client\Client.csproj", "{2B2CB0DD-78E6-40CA-BB47-BB65D12B3A2A}"
EndProject
Project("{9A19103F-16F7-4668-BE54-9A1E7A4F7556}") = "ClientTwo", "ClientTwo\ClientTwo.csproj", "{09497B1D-34E7-49F9-88C1-2E2B8C539F3D}"
EndProject
Project("{9A19103F-16F7-4668-BE54-9A1E7A4F7556}") = "MVCApp", "MVCApp\MVCApp.csproj", "{2A7C188B-AF82-480F-9973-717F9F3934D5}"
EndProject
Project("{FAE04EC0-301F-11D3-BF4B-00C04F79EFBC}") = "JavaScriptClient", "JavaScriptClient\JavaScriptClient.csproj", "{A4D8E78D-2834-4120-A162-982B47BB8C9B}"
EndProject
Global
	GlobalSection(SolutionConfigurationPlatforms) = preSolution
		Debug|Any CPU = Debug|Any CPU
		Debug|x64 = Debug|x64
		Debug|x86 = Debug|x86
		Release|Any CPU = Release|Any CPU
		Release|x64 = Release|x64
		Release|x86 = Release|x86
	EndGlobalSection
	GlobalSection(ProjectConfigurationPlatforms) = postSolution
		{EF60C0B6-A976-4D8D-AA47-55BD25C6E2E0}.Debug|Any CPU.ActiveCfg = Debug|Any CPU
		{EF60C0B6-A976-4D8D-AA47-55BD25C6E2E0}.Debug|Any CPU.Build.0 = Debug|Any CPU
		{EF60C0B6-A976-4D8D-AA47-55BD25C6E2E0}.Debug|x64.ActiveCfg = Debug|Any CPU
		{EF60C0B6-A976-4D8D-AA47-55BD25C6E2E0}.Debug|x64.Build.0 = Debug|Any CPU
		{EF60C0B6-A976-4D8D-AA47-55BD25C6E2E0}.Debug|x86.ActiveCfg = Debug|Any CPU
		{EF60C0B6-A976-4D8D-AA47-55BD25C6E2E0}.Debug|x86.Build.0 = Debug|Any CPU
		{EF60C0B6-A976-4D8D-AA47-55BD25C6E2E0}.Release|Any CPU.ActiveCfg = Release|Any CPU
		{EF60C0B6-A976-4D8D-AA47-55BD25C6E2E0}.Release|Any CPU.Build.0 = Release|Any CPU
		{EF60C0B6-A976-4D8D-AA47-55BD25C6E2E0}.Release|x64.ActiveCfg = Release|Any CPU
		{EF60C0B6-A976-4D8D-AA47-55BD25C6E2E0}.Release|x64.Build.0 = Release|Any CPU
		{EF60C0B6-A976-4D8D-AA47-55BD25C6E2E0}.Release|x86.ActiveCfg = Release|Any CPU
		{EF60C0B6-A976-4D8D-AA47-55BD25C6E2E0}.Release|x86.Build.0 = Release|Any CPU
		{07DB4185-86AB-4A74-A653-F32008B5B1FC}.Debug|Any CPU.ActiveCfg = Debug|Any CPU
		{07DB4185-86AB-4A74-A653-F32008B5B1FC}.Debug|Any CPU.Build.0 = Debug|Any CPU
		{07DB4185-86AB-4A74-A653-F32008B5B1FC}.Debug|x64.ActiveCfg = Debug|Any CPU
		{07DB4185-86AB-4A74-A653-F32008B5B1FC}.Debug|x64.Build.0 = Debug|Any CPU
		{07DB4185-86AB-4A74-A653-F32008B5B1FC}.Debug|x86.ActiveCfg = Debug|Any CPU
		{07DB4185-86AB-4A74-A653-F32008B5B1FC}.Debug|x86.Build.0 = Debug|Any CPU
		{07DB4185-86AB-4A74-A653-F32008B5B1FC}.Release|Any CPU.ActiveCfg = Release|Any CPU
		{07DB4185-86AB-4A74-A653-F32008B5B1FC}.Release|Any CPU.Build.0 = Release|Any CPU
		{07DB4185-86AB-4A74-A653-F32008B5B1FC}.Release|x64.ActiveCfg = Release|Any CPU
		{07DB4185-86AB-4A74-A653-F32008B5B1FC}.Release|x64.Build.0 = Release|Any CPU
		{07DB4185-86AB-4A74-A653-F32008B5B1FC}.Release|x86.ActiveCfg = Release|Any CPU
		{07DB4185-86AB-4A74-A653-F32008B5B1FC}.Release|x86.Build.0 = Release|Any CPU
		{2B2CB0DD-78E6-40CA-BB47-BB65D12B3A2A}.Debug|Any CPU.ActiveCfg = Debug|Any CPU
		{2B2CB0DD-78E6-40CA-BB47-BB65D12B3A2A}.Debug|Any CPU.Build.0 = Debug|Any CPU
		{2B2CB0DD-78E6-40CA-BB47-BB65D12B3A2A}.Debug|x64.ActiveCfg = Debug|Any CPU
		{2B2CB0DD-78E6-40CA-BB47-BB65D12B3A2A}.Debug|x64.Build.0 = Debug|Any CPU
		{2B2CB0DD-78E6-40CA-BB47-BB65D12B3A2A}.Debug|x86.ActiveCfg = Debug|Any CPU
		{2B2CB0DD-78E6-40CA-BB47-BB65D12B3A2A}.Debug|x86.Build.0 = Debug|Any CPU
		{2B2CB0DD-78E6-40CA-BB47-BB65D12B3A2A}.Release|Any CPU.ActiveCfg = Release|Any CPU
		{2B2CB0DD-78E6-40CA-BB47-BB65D12B3A2A}.Release|Any CPU.Build.0 = Release|Any CPU
		{2B2CB0DD-78E6-40CA-BB47-BB65D12B3A2A}.Release|x64.ActiveCfg = Release|Any CPU
		{2B2CB0DD-78E6-40CA-BB47-BB65D12B3A2A}.Release|x64.Build.0 = Release|Any CPU
		{2B2CB0DD-78E6-40CA-BB47-BB65D12B3A2A}.Release|x86.ActiveCfg = Release|Any CPU
		{2B2CB0DD-78E6-40CA-BB47-BB65D12B3A2A}.Release|x86.Build.0 = Release|Any CPU
		{09497B1D-34E7-49F9-88C1-2E2B8C539F3D}.Debug|Any CPU.ActiveCfg = Debug|Any CPU
		{09497B1D-34E7-49F9-88C1-2E2B8C539F3D}.Debug|Any CPU.Build.0 = Debug|Any CPU
		{09497B1D-34E7-49F9-88C1-2E2B8C539F3D}.Debug|x64.ActiveCfg = Debug|Any CPU
		{09497B1D-34E7-49F9-88C1-2E2B8C539F3D}.Debug|x64.Build.0 = Debug|Any CPU
		{09497B1D-34E7-49F9-88C1-2E2B8C539F3D}.Debug|x86.ActiveCfg = Debug|Any CPU
		{09497B1D-34E7-49F9-88C1-2E2B8C539F3D}.Debug|x86.Build.0 = Debug|Any CPU
		{09497B1D-34E7-49F9-88C1-2E2B8C539F3D}.Release|Any CPU.ActiveCfg = Release|Any CPU
		{09497B1D-34E7-49F9-88C1-2E2B8C539F3D}.Release|Any CPU.Build.0 = Release|Any CPU
		{09497B1D-34E7-49F9-88C1-2E2B8C539F3D}.Release|x64.ActiveCfg = Release|Any CPU
		{09497B1D-34E7-49F9-88C1-2E2B8C539F3D}.Release|x64.Build.0 = Release|Any CPU
		{09497B1D-34E7-49F9-88C1-2E2B8C539F3D}.Release|x86.ActiveCfg = Release|Any CPU
		{09497B1D-34E7-49F9-88C1-2E2B8C539F3D}.Release|x86.Build.0 = Release|Any CPU
		{2A7C188B-AF82-480F-9973-717F9F3934D5}.Debug|Any CPU.ActiveCfg = Debug|Any CPU
		{2A7C188B-AF82-480F-9973-717F9F3934D5}.Debug|Any CPU.Build.0 = Debug|Any CPU
		{2A7C188B-AF82-480F-9973-717F9F3934D5}.Debug|x64.ActiveCfg = Debug|Any CPU
		{2A7C188B-AF82-480F-9973-717F9F3934D5}.Debug|x64.Build.0 = Debug|Any CPU
		{2A7C188B-AF82-480F-9973-717F9F3934D5}.Debug|x86.ActiveCfg = Debug|Any CPU
		{2A7C188B-AF82-480F-9973-717F9F3934D5}.Debug|x86.Build.0 = Debug|Any CPU
		{2A7C188B-AF82-480F-9973-717F9F3934D5}.Release|Any CPU.ActiveCfg = Release|Any CPU
		{2A7C188B-AF82-480F-9973-717F9F3934D5}.Release|Any CPU.Build.0 = Release|Any CPU
		{2A7C188B-AF82-480F-9973-717F9F3934D5}.Release|x64.ActiveCfg = Release|Any CPU
		{2A7C188B-AF82-480F-9973-717F9F3934D5}.Release|x64.Build.0 = Release|Any CPU
		{2A7C188B-AF82-480F-9973-717F9F3934D5}.Release|x86.ActiveCfg = Release|Any CPU
		{2A7C188B-AF82-480F-9973-717F9F3934D5}.Release|x86.Build.0 = Release|Any CPU
		{A4D8E78D-2834-4120-A162-982B47BB8C9B}.Debug|Any CPU.ActiveCfg = Debug|Any CPU
		{A4D8E78D-2834-4120-A162-982B47BB8C9B}.Debug|Any CPU.Build.0 = Debug|Any CPU
		{A4D8E78D-2834-4120-A162-982B47BB8C9B}.Debug|x64.ActiveCfg = Debug|Any CPU
		{A4D8E78D-2834-4120-A162-982B47BB8C9B}.Debug|x64.Build.0 = Debug|Any CPU
		{A4D8E78D-2834-4120-A162-982B47BB8C9B}.Debug|x86.ActiveCfg = Debug|Any CPU
		{A4D8E78D-2834-4120-A162-982B47BB8C9B}.Debug|x86.Build.0 = Debug|Any CPU
		{A4D8E78D-2834-4120-A162-982B47BB8C9B}.Release|Any CPU.ActiveCfg = Release|Any CPU
		{A4D8E78D-2834-4120-A162-982B47BB8C9B}.Release|Any CPU.Build.0 = Release|Any CPU
		{A4D8E78D-2834-4120-A162-982B47BB8C9B}.Release|x64.ActiveCfg = Release|Any CPU
		{A4D8E78D-2834-4120-A162-982B47BB8C9B}.Release|x64.Build.0 = Release|Any CPU
		{A4D8E78D-2834-4120-A162-982B47BB8C9B}.Release|x86.ActiveCfg = Release|Any CPU
		{A4D8E78D-2834-4120-A162-982B47BB8C9B}.Release|x86.Build.0 = Release|Any CPU
	EndGlobalSection
	GlobalSection(SolutionProperties) = preSolution
		HideSolutionNode = FALSE
	EndGlobalSection
	GlobalSection(NestedProjects) = preSolution
		{EF60C0B6-A976-4D8D-AA47-55BD25C6E2E0} = {5CC55D4E-8F71-42C8-A173-F16483CE874F}
		{07DB4185-86AB-4A74-A653-F32008B5B1FC} = {5CC55D4E-8F71-42C8-A173-F16483CE874F}
		{2B2CB0DD-78E6-40CA-BB47-BB65D12B3A2A} = {5CC55D4E-8F71-42C8-A173-F16483CE874F}
		{09497B1D-34E7-49F9-88C1-2E2B8C539F3D} = {5CC55D4E-8F71-42C8-A173-F16483CE874F}
		{2A7C188B-AF82-480F-9973-717F9F3934D5} = {5CC55D4E-8F71-42C8-A173-F16483CE874F}
		{A4D8E78D-2834-4120-A162-982B47BB8C9B} = {5CC55D4E-8F71-42C8-A173-F16483CE874F}
	EndGlobalSection
	GlobalSection(ExtensibilityGlobals) = postSolution
		SolutionGuid = {F04D3800-E2F0-45DE-BF6B-3FDBFB831C0E}
	EndGlobalSection
EndGlobal
